// !$*UTF8*$!
{
	archiveVersion = 1;
	classes = {
	};
	objectVersion = 52;
	objects = {

/* Begin PBXBuildFile section */
		F300CDCD24E8EE620096DCA9 /* wxdebug.xcconfig in Resources */ = {isa = PBXBuildFile; fileRef = F300CDC924E8EE610096DCA9 /* wxdebug.xcconfig */; };
		F300CDCE24E8EE620096DCA9 /* wxrelease.xcconfig in Resources */ = {isa = PBXBuildFile; fileRef = F300CDCA24E8EE610096DCA9 /* wxrelease.xcconfig */; };
		F300CDCF24E8EE620096DCA9 /* wxcocoa.xcconfig in Resources */ = {isa = PBXBuildFile; fileRef = F300CDCB24E8EE620096DCA9 /* wxcocoa.xcconfig */; };
		F300CDD224E8EE680096DCA9 /* minimal.cpp in Sources */ = {isa = PBXBuildFile; fileRef = F300CDD124E8EE680096DCA9 /* minimal.cpp */; };
		F3A1EADA24E9BB22005A8093 /* wx_osx_cocoa_static.a in Frameworks */ = {isa = PBXBuildFile; fileRef = F3A1EAD924E9BB22005A8093 /* wx_osx_cocoa_static.a */; };
/* End PBXBuildFile section */

/* Begin PBXFileReference section */
		F300CDC924E8EE610096DCA9 /* wxdebug.xcconfig */ = {isa = PBXFileReference; fileEncoding = 4; lastKnownFileType = text.xcconfig; path = wxdebug.xcconfig; sourceTree = "<group>"; };
		F300CDCA24E8EE610096DCA9 /* wxrelease.xcconfig */ = {isa = PBXFileReference; fileEncoding = 4; lastKnownFileType = text.xcconfig; path = wxrelease.xcconfig; sourceTree = "<group>"; };
		F300CDCB24E8EE620096DCA9 /* wxcocoa.xcconfig */ = {isa = PBXFileReference; fileEncoding = 4; lastKnownFileType = text.xcconfig; path = wxcocoa.xcconfig; sourceTree = "<group>"; };
		F300CDCC24E8EE620096DCA9 /* Info_cocoa.plist */ = {isa = PBXFileReference; fileEncoding = 4; lastKnownFileType = text.plist.xml; path = Info_cocoa.plist; sourceTree = "<group>"; };
		F300CDD124E8EE680096DCA9 /* minimal.cpp */ = {isa = PBXFileReference; fileEncoding = 4; lastKnownFileType = sourcecode.cpp.cpp; path = minimal.cpp; sourceTree = "<group>"; };
		F300CDD624E8F0DE0096DCA9 /* Static.app */ = {isa = PBXFileReference; explicitFileType = wrapper.application; includeInIndex = 0; path = Static.app; sourceTree = BUILT_PRODUCTS_DIR; };
		F3A1EAD924E9BB22005A8093 /* wx_osx_cocoa_static.a */ = {isa = PBXFileReference; lastKnownFileType = archive.ar; name = wx_osx_cocoa_static.a; path = "../Library/Developer/Xcode/DerivedData/wxcocoa-dxxoiwswnxpctfdmvugzfpogaaah/Build/Products/Debug/wx_osx_cocoa_static.a"; sourceTree = "<group>"; };
/* End PBXFileReference section */

/* Begin PBXFrameworksBuildPhase section */
		F300CDB224E8EDE60096DCA9 /* Frameworks */ = {
			isa = PBXFrameworksBuildPhase;
			buildActionMask = 2147483647;
			files = (
				F3A1EADA24E9BB22005A8093 /* wx_osx_cocoa_static.a in Frameworks */,
			);
			runOnlyForDeploymentPostprocessing = 0;
		};
/* End PBXFrameworksBuildPhase section */

/* Begin PBXGroup section */
		F300CDAC24E8EDE60096DCA9 = {
			isa = PBXGroup;
			children = (
				F300CDCB24E8EE620096DCA9 /* wxcocoa.xcconfig */,
				F300CDC924E8EE610096DCA9 /* wxdebug.xcconfig */,
				F300CDCA24E8EE610096DCA9 /* wxrelease.xcconfig */,
				F300CDCC24E8EE620096DCA9 /* Info_cocoa.plist */,
				F300CDD124E8EE680096DCA9 /* minimal.cpp */,
				F300CDD324E8F0A30096DCA9 /* Frameworks */,
				F300CDD624E8F0DE0096DCA9 /* Static.app */,
			);
			sourceTree = "<group>";
		};
		F300CDD324E8F0A30096DCA9 /* Frameworks */ = {
			isa = PBXGroup;
			children = (
				F3A1EAD924E9BB22005A8093 /* wx_osx_cocoa_static.a */,
			);
			name = Frameworks;
			sourceTree = "<group>";
		};
/* End PBXGroup section */

/* Begin PBXNativeTarget section */
		F300CDB424E8EDE60096DCA9 /* Static */ = {
			isa = PBXNativeTarget;
			buildConfigurationList = F300CDC624E8EDED0096DCA9 /* Build configuration list for PBXNativeTarget "Static" */;
			buildPhases = (
				F300CDB124E8EDE60096DCA9 /* Sources */,
				F300CDB224E8EDE60096DCA9 /* Frameworks */,
				F300CDB324E8EDE60096DCA9 /* Resources */,
			);
			buildRules = (
			);
			dependencies = (
			);
			name = Static;
			productName = WXWidgetTest;
			productReference = F300CDD624E8F0DE0096DCA9 /* Static.app */;
			productType = "com.apple.product-type.application";
		};
/* End PBXNativeTarget section */

/* Begin PBXProject section */
		F300CDAD24E8EDE60096DCA9 /* Project object */ = {
			isa = PBXProject;
			attributes = {
				LastUpgradeCheck = 1130;
				ORGANIZATIONNAME = "William Egesdal";
				TargetAttributes = {
					F300CDB424E8EDE60096DCA9 = {
						CreatedOnToolsVersion = 11.3.1;
					};
				};
			};
			buildConfigurationList = F300CDB024E8EDE60096DCA9 /* Build configuration list for PBXProject "Static" */;
			compatibilityVersion = "Xcode 11.0";
			developmentRegion = en;
			hasScannedForEncodings = 0;
			knownRegions = (
				en,
				Base,
			);
			mainGroup = F300CDAC24E8EDE60096DCA9;
			productRefGroup = F300CDAC24E8EDE60096DCA9;
			projectDirPath = "";
			projectRoot = "";
			targets = (
				F300CDB424E8EDE60096DCA9 /* Static */,
			);
		};
/* End PBXProject section */

/* Begin PBXResourcesBuildPhase section */
		F300CDB324E8EDE60096DCA9 /* Resources */ = {
			isa = PBXResourcesBuildPhase;
			buildActionMask = 2147483647;
			files = (
				F300CDCD24E8EE620096DCA9 /* wxdebug.xcconfig in Resources */,
				F300CDCE24E8EE620096DCA9 /* wxrelease.xcconfig in Resources */,
				F300CDCF24E8EE620096DCA9 /* wxcocoa.xcconfig in Resources */,
			);
			runOnlyForDeploymentPostprocessing = 0;
		};
/* End PBXResourcesBuildPhase section */

/* Begin PBXSourcesBuildPhase section */
		F300CDB124E8EDE60096DCA9 /* Sources */ = {
			isa = PBXSourcesBuildPhase;
			buildActionMask = 2147483647;
			files = (
				F300CDD224E8EE680096DCA9 /* minimal.cpp in Sources */,
			);
			runOnlyForDeploymentPostprocessing = 0;
		};
/* End PBXSourcesBuildPhase section */

/* Begin XCBuildConfiguration section */
		F300CDC424E8EDED0096DCA9 /* Debug */ = {
			isa = XCBuildConfiguration;
			baseConfigurationReference = F300CDC924E8EE610096DCA9 /* wxdebug.xcconfig */;
			buildSettings = {
				ALWAYS_SEARCH_USER_PATHS = YES;
				CLANG_ANALYZER_NONNULL = YES;
				CLANG_ANALYZER_NUMBER_OBJECT_CONVERSION = YES_AGGRESSIVE;
				CLANG_CXX_LANGUAGE_STANDARD = "compiler-default";
				CLANG_CXX_LIBRARY = "libstdc++";
				CLANG_ENABLE_MODULES = YES;
				CLANG_ENABLE_OBJC_ARC = YES;
				CLANG_ENABLE_OBJC_WEAK = YES;
				CLANG_WARN_BLOCK_CAPTURE_AUTORELEASING = YES;
				CLANG_WARN_BOOL_CONVERSION = YES;
				CLANG_WARN_COMMA = YES;
				CLANG_WARN_CONSTANT_CONVERSION = YES;
				CLANG_WARN_DEPRECATED_OBJC_IMPLEMENTATIONS = YES;
				CLANG_WARN_DIRECT_OBJC_ISA_USAGE = YES_ERROR;
				CLANG_WARN_DOCUMENTATION_COMMENTS = YES;
				CLANG_WARN_EMPTY_BODY = YES;
				CLANG_WARN_ENUM_CONVERSION = YES;
				CLANG_WARN_INFINITE_RECURSION = YES;
				CLANG_WARN_INT_CONVERSION = YES;
				CLANG_WARN_NON_LITERAL_NULL_CONVERSION = YES;
				CLANG_WARN_OBJC_IMPLICIT_RETAIN_SELF = YES;
				CLANG_WARN_OBJC_LITERAL_CONVERSION = YES;
				CLANG_WARN_OBJC_ROOT_CLASS = YES_ERROR;
				CLANG_WARN_RANGE_LOOP_ANALYSIS = YES;
				CLANG_WARN_STRICT_PROTOTYPES = YES;
				CLANG_WARN_SUSPICIOUS_MOVE = YES;
				CLANG_WARN_UNGUARDED_AVAILABILITY = YES_AGGRESSIVE;
				CLANG_WARN_UNREACHABLE_CODE = YES;
				CLANG_WARN__DUPLICATE_METHOD_MATCH = YES;
				COPY_PHASE_STRIP = NO;
				DEBUG_INFORMATION_FORMAT = dwarf;
				ENABLE_STRICT_OBJC_MSGSEND = YES;
				ENABLE_TESTABILITY = YES;
				GCC_C_LANGUAGE_STANDARD = gnu11;
				GCC_DYNAMIC_NO_PIC = NO;
				GCC_NO_COMMON_BLOCKS = YES;
				GCC_OPTIMIZATION_LEVEL = 0;
				GCC_PREPROCESSOR_DEFINITIONS = (
					"DEBUG=1",
					"$(inherited)",
				);
				GCC_WARN_64_TO_32_BIT_CONVERSION = YES;
				GCC_WARN_ABOUT_RETURN_TYPE = YES_ERROR;
				GCC_WARN_UNDECLARED_SELECTOR = YES;
				GCC_WARN_UNINITIALIZED_AUTOS = YES_AGGRESSIVE;
				GCC_WARN_UNUSED_FUNCTION = YES;
				GCC_WARN_UNUSED_VARIABLE = YES;
				MACOSX_DEPLOYMENT_TARGET = 10.15;
				MTL_ENABLE_DEBUG_INFO = INCLUDE_SOURCE;
				MTL_FAST_MATH = YES;
				ONLY_ACTIVE_ARCH = YES;
				SDKROOT = macosx;
			};
			name = Debug;
		};
		F300CDC524E8EDED0096DCA9 /* Release */ = {
			isa = XCBuildConfiguration;
			baseConfigurationReference = F300CDCA24E8EE610096DCA9 /* wxrelease.xcconfig */;
			buildSettings = {
				ALWAYS_SEARCH_USER_PATHS = YES;
				CLANG_ANALYZER_NONNULL = YES;
				CLANG_ANALYZER_NUMBER_OBJECT_CONVERSION = YES_AGGRESSIVE;
				CLANG_CXX_LANGUAGE_STANDARD = "compiler-default";
				CLANG_CXX_LIBRARY = "libstdc++";
				CLANG_ENABLE_MODULES = YES;
				CLANG_ENABLE_OBJC_ARC = YES;
				CLANG_ENABLE_OBJC_WEAK = YES;
				CLANG_WARN_BLOCK_CAPTURE_AUTORELEASING = YES;
				CLANG_WARN_BOOL_CONVERSION = YES;
				CLANG_WARN_COMMA = YES;
				CLANG_WARN_CONSTANT_CONVERSION = YES;
				CLANG_WARN_DEPRECATED_OBJC_IMPLEMENTATIONS = YES;
				CLANG_WARN_DIRECT_OBJC_ISA_USAGE = YES_ERROR;
				CLANG_WARN_DOCUMENTATION_COMMENTS = YES;
				CLANG_WARN_EMPTY_BODY = YES;
				CLANG_WARN_ENUM_CONVERSION = YES;
				CLANG_WARN_INFINITE_RECURSION = YES;
				CLANG_WARN_INT_CONVERSION = YES;
				CLANG_WARN_NON_LITERAL_NULL_CONVERSION = YES;
				CLANG_WARN_OBJC_IMPLICIT_RETAIN_SELF = YES;
				CLANG_WARN_OBJC_LITERAL_CONVERSION = YES;
				CLANG_WARN_OBJC_ROOT_CLASS = YES_ERROR;
				CLANG_WARN_RANGE_LOOP_ANALYSIS = YES;
				CLANG_WARN_STRICT_PROTOTYPES = YES;
				CLANG_WARN_SUSPICIOUS_MOVE = YES;
				CLANG_WARN_UNGUARDED_AVAILABILITY = YES_AGGRESSIVE;
				CLANG_WARN_UNREACHABLE_CODE = YES;
				CLANG_WARN__DUPLICATE_METHOD_MATCH = YES;
				COPY_PHASE_STRIP = NO;
				DEBUG_INFORMATION_FORMAT = "dwarf-with-dsym";
				ENABLE_NS_ASSERTIONS = NO;
				ENABLE_STRICT_OBJC_MSGSEND = YES;
				GCC_C_LANGUAGE_STANDARD = gnu11;
				GCC_NO_COMMON_BLOCKS = YES;
				GCC_WARN_64_TO_32_BIT_CONVERSION = YES;
				GCC_WARN_ABOUT_RETURN_TYPE = YES_ERROR;
				GCC_WARN_UNDECLARED_SELECTOR = YES;
				GCC_WARN_UNINITIALIZED_AUTOS = YES_AGGRESSIVE;
				GCC_WARN_UNUSED_FUNCTION = YES;
				GCC_WARN_UNUSED_VARIABLE = YES;
				MACOSX_DEPLOYMENT_TARGET = 10.15;
				MTL_ENABLE_DEBUG_INFO = NO;
				MTL_FAST_MATH = YES;
				SDKROOT = macosx;
			};
			name = Release;
		};
		F300CDC724E8EDED0096DCA9 /* Debug */ = {
			isa = XCBuildConfiguration;
			baseConfigurationReference = F300CDCB24E8EE620096DCA9 /* wxcocoa.xcconfig */;
			buildSettings = {
				ALWAYS_SEARCH_USER_PATHS = YES;
				ARCHS = "$(ARCHS_STANDARD)";
				ASSETCATALOG_COMPILER_APPICON_NAME = AppIcon;
				CLANG_CXX_LANGUAGE_STANDARD = "compiler-default";
				CLANG_CXX_LIBRARY = "libc++";
				CODE_SIGN_ENTITLEMENTS = "";
				CODE_SIGN_IDENTITY = "-";
				CODE_SIGN_STYLE = Automatic;
				COMBINE_HIDPI_IMAGES = YES;
				DEVELOPMENT_TEAM = 8F3UBDAU5D;
				ENABLE_HARDENED_RUNTIME = YES;
				GCC_C_LANGUAGE_STANDARD = gnu99;
				GCC_INPUT_FILETYPE = sourcecode.cpp.cpp;
				GCC_PREFIX_HEADER = "$(WXROOT)/include/wx/wxprec.h";
				GCC_PREPROCESSOR_DEFINITIONS = "$(WX_PREPROCESSOR_DEFINITIONS)";
				"HEADER_SEARCH_PATHS[arch=*]" = (
					"$(WXROOT)/build/osx/setup/cocoa/include",
					"$(WXROOT)/include",
					"/Users/wegesdal/Documents/wxwidgets-3.0.0/samples/minimal",
					"$(WXROOT)/build/osx",
				);
				INFOPLIST_FILE = Info_cocoa.plist;
				LD_RUNPATH_SEARCH_PATHS = (
					"$(inherited)",
					"@executable_path/../Frameworks",
				);
				OTHER_LDFLAGS = (
					"$(OTHER_LDFLAGS)",
					"-lz",
				);
				PRODUCT_BUNDLE_IDENTIFIER = MoonPong.WXWidgetTest;
				PRODUCT_NAME = "$(TARGET_NAME)";
				USER_HEADER_SEARCH_PATHS = "$(WXROOT)/build/osx";
				WXPLATFORM = "__WXOSX_$(WXTOOLKITUPPER)__";
				WXROOT = "/Users/wegesdal/Documents/wxWidgets-3.1.4";
				WX_PREPROCESSOR_DEFINITIONS = "WXBUILDING $(WXPLATFORM) __WX__ _FILE_OFFSET_BITS=64 _LARGE_FILES MACOS_CLASSIC __WXMAC_XCODE__=1 SCI_LEXER NO_CXX11_REGEX WX_PRECOMP=1 wxUSE_UNICODE_UTF8=0 wxUSE_UNICODE_WCHAR=1";
			};
			name = Debug;
		};
		F300CDC824E8EDED0096DCA9 /* Release */ = {
			isa = XCBuildConfiguration;
			baseConfigurationReference = F300CDCB24E8EE620096DCA9 /* wxcocoa.xcconfig */;
			buildSettings = {
				ALWAYS_SEARCH_USER_PATHS = YES;
				ARCHS = "$(ARCHS_STANDARD)";
				ASSETCATALOG_COMPILER_APPICON_NAME = AppIcon;
				CLANG_CXX_LANGUAGE_STANDARD = "compiler-default";
				CLANG_CXX_LIBRARY = "libc++";
				CODE_SIGN_ENTITLEMENTS = "";
				CODE_SIGN_IDENTITY = "-";
				CODE_SIGN_STYLE = Automatic;
				COMBINE_HIDPI_IMAGES = YES;
				DEVELOPMENT_TEAM = 8F3UBDAU5D;
				ENABLE_HARDENED_RUNTIME = YES;
				GCC_C_LANGUAGE_STANDARD = gnu99;
				GCC_INPUT_FILETYPE = sourcecode.cpp.cpp;
				GCC_PREFIX_HEADER = "$(WXROOT)/include/wx/wxprec.h";
				GCC_PREPROCESSOR_DEFINITIONS = "$(WX_PREPROCESSOR_DEFINITIONS)";
				"HEADER_SEARCH_PATHS[arch=*]" = (
					"$(WXROOT)/build/osx/setup/cocoa/include",
					"$(WXROOT)/include",
					"/Users/wegesdal/Documents/wxwidgets-3.0.0/samples/minimal",
					"$(WXROOT)/build/osx",
				);
				INFOPLIST_FILE = Info_cocoa.plist;
				LD_RUNPATH_SEARCH_PATHS = (
					"$(inherited)",
					"@executable_path/../Frameworks",
				);
				OTHER_LDFLAGS = (
					"$(OTHER_LDFLAGS)",
					"-lz",
				);
				PRODUCT_BUNDLE_IDENTIFIER = MoonPong.WXWidgetTest;
				PRODUCT_NAME = "$(TARGET_NAME)";
				USER_HEADER_SEARCH_PATHS = "$(WXROOT)/build/osx";
				WXPLATFORM = "__WXOSX_$(WXTOOLKITUPPER)__";
				WXROOT = "/Users/wegesdal/Documents/wxWidgets-3.1.4";
				WX_PREPROCESSOR_DEFINITIONS = "WXBUILDING $(WXPLATFORM) __WX__ _FILE_OFFSET_BITS=64 _LARGE_FILES MACOS_CLASSIC __WXMAC_XCODE__=1 SCI_LEXER NO_CXX11_REGEX WX_PRECOMP=1 wxUSE_UNICODE_UTF8=0 wxUSE_UNICODE_WCHAR=1";
			};
			name = Release;
		};
/* End XCBuildConfiguration section */

/* Begin XCConfigurationList section */
		F300CDB024E8EDE60096DCA9 /* Build configuration list for PBXProject "Static" */ = {
			isa = XCConfigurationList;
			buildConfigurations = (
				F300CDC424E8EDED0096DCA9 /* Debug */,
				F300CDC524E8EDED0096DCA9 /* Release */,
			);
			defaultConfigurationIsVisible = 0;
			defaultConfigurationName = Release;
		};
		F300CDC624E8EDED0096DCA9 /* Build configuration list for PBXNativeTarget "Static" */ = {
			isa = XCConfigurationList;
			buildConfigurations = (
				F300CDC724E8EDED0096DCA9 /* Debug */,
				F300CDC824E8EDED0096DCA9 /* Release */,
			);
			defaultConfigurationIsVisible = 0;
			defaultConfigurationName = Release;
		};
/* End XCConfigurationList section */
	};
	rootObject = F300CDAD24E8EDE60096DCA9 /* Project object */;
}
